
Microsoft Visual Studio Solution File, Format Version 12.00
# Visual Studio Version 16
VisualStudioVersion = 16.0.28917.182
MinimumVisualStudioVersion = 10.0.40219.1
Project("{FAE04EC0-301F-11D3-BF4B-00C04F79EFBC}") = "aztrain05", "aztrain05\aztrain05.csproj", "{C39464F4-568B-49F9-A8FB-A7CF26F54332}"
EndProject
Global
	GlobalSection(SolutionConfigurationPlatforms) = preSolution
		Debug|Any CPU = Debug|Any CPU
		Release|Any CPU = Release|Any CPU
	EndGlobalSection
	GlobalSection(ProjectConfigurationPlatforms) = postSolution
		{C39464F4-568B-49F9-A8FB-A7CF26F54332}.Debug|Any CPU.ActiveCfg = Debug|Any CPU
		{C39464F4-568B-49F9-A8FB-A7CF26F54332}.Debug|Any CPU.Build.0 = Debug|Any CPU
		{C39464F4-568B-49F9-A8FB-A7CF26F54332}.Release|Any CPU.ActiveCfg = Release|Any CPU
		{C39464F4-568B-49F9-A8FB-A7CF26F54332}.Release|Any CPU.Build.0 = Release|Any CPU
	EndGlobalSection
	GlobalSection(SolutionProperties) = preSolution
		HideSolutionNode = FALSE
	EndGlobalSection
	GlobalSection(ExtensibilityGlobals) = postSolution
		SolutionGuid = {4BE0EEDB-14A7-4DE4-AABB-76593B687BD8}
	EndGlobalSection
EndGlobal
